github.com/fluhus/biostuff v1.0.0 h1:9HH+XyDvHFI7P5cDA3TGXFbX6b+6yx+z8CMbDxRtnDw=
github.com/fluhus/biostuff v1.0.0/go.mod h1:CH/SVwRUwvXWkfmDI8n1jTF58dnlVCl4fJCTWGm6gys=
github.com/fluhus/gostuff v1.0.1 h1:kYC1AM8x19QCxOIbCE9p8tWnzHlU3/gyNj9Nc3P4v7Q=
github.com/fluhus/gostuff v1.0.1/go.mod h1:INEEKlfETwNxG5rOVcegi1peht0SyXwUZr2xIsDC0rs=
github.com/klauspost/compress v1.17.11 h1:In6xLpyWOi1+C7tXUUWv2ot1QvBjxevKAaI6IXrJmUc=
github.com/klauspost/compress v1.17.11/go.mod h1:pMDklpSncoRMuLFrf1W9Ss9KT+0rH90U12bZKk7uwG0=
github.com/spaolacci/murmur3 v1.1.0 h1:7c1g84S4BPRrfL5Xrdp6fOJ206sU9y293DDHaoy0bLI=
github.com/spaolacci/murmur3 v1.1.0/go.mod h1:JwIasOWyU6f++ZhiEuf87xNszmSA2myDM2Kzu9HwQUA=
golang.org/x/exp v0.0.0-20241108190413-2d47ceb2692f h1:XdNn9LlyWAhLVp6P/i8QYBW+hlyhrhei9uErw2B5GJo=
golang.org/x/exp v0.0.0-20241108190413-2d47ceb2692f/go.mod h1:D5SMRVC3C2/4+F/DB1wZsLRnSNimn2Sp/NPsCrsv8ak=
